// !$*UTF8*$!
{
	archiveVersion = 1;
	classes = {
	};
	objectVersion = 46;
	objects = {

/* Begin PBXBuildFile section */
		0B60E480144075CF00C3FF86 /* main.c in Sources */ = {isa = PBXBuildFile; fileRef = 0B60E47F144075CF00C3FF86 /* main.c */; };
		0B60E482144075CF00C3FF86 /* OpenATParser.1 in CopyFiles */ = {isa = PBXBuildFile; fileRef = 0B60E481144075CF00C3FF86 /* OpenATParser.1 */; };
		0B60E49014407DD100C3FF86 /* scheduler.c in Sources */ = {isa = PBXBuildFile; fileRef = 0B60E48F14407DD100C3FF86 /* scheduler.c */; };
		0B60E4951440820900C3FF86 /* io_task.c in Sources */ = {isa = PBXBuildFile; fileRef = 0B60E4941440820900C3FF86 /* io_task.c */; };
		0B60E4981440822A00C3FF86 /* atc_task.c in Sources */ = {isa = PBXBuildFile; fileRef = 0B60E4971440822A00C3FF86 /* atc_task.c */; };
/* End PBXBuildFile section */

/* Begin PBXCopyFilesBuildPhase section */
		0B60E479144075CF00C3FF86 /* CopyFiles */ = {
			isa = PBXCopyFilesBuildPhase;
			buildActionMask = 2147483647;
			dstPath = /usr/share/man/man1/;
			dstSubfolderSpec = 0;
			files = (
				0B60E482144075CF00C3FF86 /* OpenATParser.1 in CopyFiles */,
			);
			runOnlyForDeploymentPostprocessing = 1;
		};
/* End PBXCopyFilesBuildPhase section */

/* Begin PBXFileReference section */
		0B60E47B144075CF00C3FF86 /* OpenATParser */ = {isa = PBXFileReference; explicitFileType = "compiled.mach-o.executable"; includeInIndex = 0; path = OpenATParser; sourceTree = BUILT_PRODUCTS_DIR; };
		0B60E47F144075CF00C3FF86 /* main.c */ = {isa = PBXFileReference; lastKnownFileType = sourcecode.c.c; path = main.c; sourceTree = "<group>"; };
		0B60E481144075CF00C3FF86 /* OpenATParser.1 */ = {isa = PBXFileReference; lastKnownFileType = text.man; path = OpenATParser.1; sourceTree = "<group>"; };
		0B60E488144076CB00C3FF86 /* config.h */ = {isa = PBXFileReference; fileEncoding = 4; lastKnownFileType = sourcecode.c.h; path = config.h; sourceTree = "<group>"; };
		0B60E48D14407D0200C3FF86 /* scheduler.h */ = {isa = PBXFileReference; fileEncoding = 4; lastKnownFileType = sourcecode.c.h; path = scheduler.h; sourceTree = "<group>"; };
		0B60E48E14407D4F00C3FF86 /* conf_scheduler.h */ = {isa = PBXFileReference; fileEncoding = 4; lastKnownFileType = sourcecode.c.h; path = conf_scheduler.h; sourceTree = "<group>"; };
		0B60E48F14407DD100C3FF86 /* scheduler.c */ = {isa = PBXFileReference; fileEncoding = 4; lastKnownFileType = sourcecode.c.c; path = scheduler.c; sourceTree = "<group>"; };
		0B60E4941440820900C3FF86 /* io_task.c */ = {isa = PBXFileReference; fileEncoding = 4; lastKnownFileType = sourcecode.c.c; path = io_task.c; sourceTree = "<group>"; };
		0B60E4961440821800C3FF86 /* io_task.h */ = {isa = PBXFileReference; fileEncoding = 4; lastKnownFileType = sourcecode.c.h; path = io_task.h; sourceTree = "<group>"; };
		0B60E4971440822A00C3FF86 /* atc_task.c */ = {isa = PBXFileReference; fileEncoding = 4; lastKnownFileType = sourcecode.c.c; path = atc_task.c; sourceTree = "<group>"; };
		0B60E4991440823200C3FF86 /* atc_task.h */ = {isa = PBXFileReference; fileEncoding = 4; lastKnownFileType = sourcecode.c.h; path = atc_task.h; sourceTree = "<group>"; };
/* End PBXFileReference section */

/* Begin PBXFrameworksBuildPhase section */
		0B60E478144075CF00C3FF86 /* Frameworks */ = {
			isa = PBXFrameworksBuildPhase;
			buildActionMask = 2147483647;
			files = (
			);
			runOnlyForDeploymentPostprocessing = 0;
		};
/* End PBXFrameworksBuildPhase section */

/* Begin PBXGroup section */
		0B60E470144075CF00C3FF86 = {
			isa = PBXGroup;
			children = (
				0B60E47E144075CF00C3FF86 /* OpenATParser */,
				0B60E47C144075CF00C3FF86 /* Products */,
			);
			sourceTree = "<group>";
		};
		0B60E47C144075CF00C3FF86 /* Products */ = {
			isa = PBXGroup;
			children = (
				0B60E47B144075CF00C3FF86 /* OpenATParser */,
			);
			name = Products;
			sourceTree = "<group>";
		};
		0B60E47E144075CF00C3FF86 /* OpenATParser */ = {
			isa = PBXGroup;
			children = (
				0B60E491144081D900C3FF86 /* Modules */,
				0B60E48C14407D0200C3FF86 /* Scheduler */,
				0B60E47F144075CF00C3FF86 /* main.c */,
				0B60E481144075CF00C3FF86 /* OpenATParser.1 */,
				0B60E488144076CB00C3FF86 /* config.h */,
			);
			path = OpenATParser;
			sourceTree = "<group>";
		};
		0B60E48C14407D0200C3FF86 /* Scheduler */ = {
			isa = PBXGroup;
			children = (
				0B60E48F14407DD100C3FF86 /* scheduler.c */,
				0B60E48D14407D0200C3FF86 /* scheduler.h */,
				0B60E48E14407D4F00C3FF86 /* conf_scheduler.h */,
			);
			path = Scheduler;
			sourceTree = "<group>";
		};
		0B60E491144081D900C3FF86 /* Modules */ = {
			isa = PBXGroup;
			children = (
				0B60E492144081DA00C3FF86 /* atc */,
				0B60E493144081DA00C3FF86 /* io */,
			);
			path = Modules;
			sourceTree = "<group>";
		};
		0B60E492144081DA00C3FF86 /* atc */ = {
			isa = PBXGroup;
			children = (
				0B60E4971440822A00C3FF86 /* atc_task.c */,
				0B60E4991440823200C3FF86 /* atc_task.h */,
			);
			path = atc;
			sourceTree = "<group>";
		};
		0B60E493144081DA00C3FF86 /* io */ = {
			isa = PBXGroup;
			children = (
				0B60E4941440820900C3FF86 /* io_task.c */,
				0B60E4961440821800C3FF86 /* io_task.h */,
			);
			path = io;
			sourceTree = "<group>";
		};
/* End PBXGroup section */

/* Begin PBXNativeTarget section */
		0B60E47A144075CF00C3FF86 /* OpenATParser */ = {
			isa = PBXNativeTarget;
			buildConfigurationList = 0B60E485144075CF00C3FF86 /* Build configuration list for PBXNativeTarget "OpenATParser" */;
			buildPhases = (
				0B60E477144075CF00C3FF86 /* Sources */,
				0B60E478144075CF00C3FF86 /* Frameworks */,
				0B60E479144075CF00C3FF86 /* CopyFiles */,
			);
			buildRules = (
			);
			dependencies = (
			);
			name = OpenATParser;
			productName = OpenATParser;
			productReference = 0B60E47B144075CF00C3FF86 /* OpenATParser */;
			productType = "com.apple.product-type.tool";
		};
/* End PBXNativeTarget section */

/* Begin PBXProject section */
		0B60E472144075CF00C3FF86 /* Project object */ = {
			isa = PBXProject;
			attributes = {
				LastUpgradeCheck = 0410;
			};
			buildConfigurationList = 0B60E475144075CF00C3FF86 /* Build configuration list for PBXProject "OpenATParser" */;
			compatibilityVersion = "Xcode 3.2";
			developmentRegion = English;
			hasScannedForEncodings = 0;
			knownRegions = (
				en,
			);
			mainGroup = 0B60E470144075CF00C3FF86;
			productRefGroup = 0B60E47C144075CF00C3FF86 /* Products */;
			projectDirPath = "";
			projectRoot = "";
			targets = (
				0B60E47A144075CF00C3FF86 /* OpenATParser */,
			);
		};
/* End PBXProject section */

/* Begin PBXSourcesBuildPhase section */
		0B60E477144075CF00C3FF86 /* Sources */ = {
			isa = PBXSourcesBuildPhase;
			buildActionMask = 2147483647;
			files = (
				0B60E480144075CF00C3FF86 /* main.c in Sources */,
				0B60E49014407DD100C3FF86 /* scheduler.c in Sources */,
				0B60E4951440820900C3FF86 /* io_task.c in Sources */,
				0B60E4981440822A00C3FF86 /* atc_task.c in Sources */,
			);
			runOnlyForDeploymentPostprocessing = 0;
		};
/* End PBXSourcesBuildPhase section */

/* Begin XCBuildConfiguration section */
		0B60E483144075CF00C3FF86 /* Debug */ = {
			isa = XCBuildConfiguration;
			buildSettings = {
				ALWAYS_SEARCH_USER_PATHS = NO;
				ARCHS = "$(ARCHS_STANDARD_64_BIT)";
				COPY_PHASE_STRIP = NO;
				GCC_C_LANGUAGE_STANDARD = gnu99;
				GCC_DYNAMIC_NO_PIC = NO;
				GCC_ENABLE_OBJC_EXCEPTIONS = YES;
				GCC_OPTIMIZATION_LEVEL = 0;
				GCC_PREPROCESSOR_DEFINITIONS = (
					"DEBUG=1",
					"$(inherited)",
				);
				GCC_SYMBOLS_PRIVATE_EXTERN = NO;
				GCC_VERSION = com.apple.compilers.llvm.clang.1_0;
				GCC_WARN_64_TO_32_BIT_CONVERSION = YES;
				GCC_WARN_ABOUT_MISSING_PROTOTYPES = YES;
				GCC_WARN_ABOUT_RETURN_TYPE = YES;
				GCC_WARN_UNUSED_VARIABLE = YES;
				MACOSX_DEPLOYMENT_TARGET = 10.7;
				ONLY_ACTIVE_ARCH = YES;
				SDKROOT = macosx;
			};
			name = Debug;
		};
		0B60E484144075CF00C3FF86 /* Release */ = {
			isa = XCBuildConfiguration;
			buildSettings = {
				ALWAYS_SEARCH_USER_PATHS = NO;
				ARCHS = "$(ARCHS_STANDARD_64_BIT)";
				COPY_PHASE_STRIP = YES;
				DEBUG_INFORMATION_FORMAT = "dwarf-with-dsym";
				GCC_C_LANGUAGE_STANDARD = gnu99;
				GCC_ENABLE_OBJC_EXCEPTIONS = YES;
				GCC_VERSION = com.apple.compilers.llvm.clang.1_0;
				GCC_WARN_64_TO_32_BIT_CONVERSION = YES;
				GCC_WARN_ABOUT_MISSING_PROTOTYPES = YES;
				GCC_WARN_ABOUT_RETURN_TYPE = YES;
				GCC_WARN_UNUSED_VARIABLE = YES;
				MACOSX_DEPLOYMENT_TARGET = 10.7;
				SDKROOT = macosx;
			};
			name = Release;
		};
		0B60E486144075CF00C3FF86 /* Debug */ = {
			isa = XCBuildConfiguration;
			buildSettings = {
				ARCHS = "$(ARCHS_STANDARD_32_64_BIT)";
				GCC_VERSION = 4.2;
				PRODUCT_NAME = "$(TARGET_NAME)";
				RUN_CLANG_STATIC_ANALYZER = YES;
			};
			name = Debug;
		};
		0B60E487144075CF00C3FF86 /* Release */ = {
			isa = XCBuildConfiguration;
			buildSettings = {
				ARCHS = "$(ARCHS_STANDARD_32_64_BIT)";
				GCC_VERSION = 4.2;
				PRODUCT_NAME = "$(TARGET_NAME)";
				RUN_CLANG_STATIC_ANALYZER = YES;
			};
			name = Release;
		};
/* End XCBuildConfiguration section */

/* Begin XCConfigurationList section */
		0B60E475144075CF00C3FF86 /* Build configuration list for PBXProject "OpenATParser" */ = {
			isa = XCConfigurationList;
			buildConfigurations = (
				0B60E483144075CF00C3FF86 /* Debug */,
				0B60E484144075CF00C3FF86 /* Release */,
			);
			defaultConfigurationIsVisible = 0;
			defaultConfigurationName = Release;
		};
		0B60E485144075CF00C3FF86 /* Build configuration list for PBXNativeTarget "OpenATParser" */ = {
			isa = XCConfigurationList;
			buildConfigurations = (
				0B60E486144075CF00C3FF86 /* Debug */,
				0B60E487144075CF00C3FF86 /* Release */,
			);
			defaultConfigurationIsVisible = 0;
		};
/* End XCConfigurationList section */
	};
	rootObject = 0B60E472144075CF00C3FF86 /* Project object */;
}
